
Microsoft Visual Studio Solution File, Format Version 12.00
# Visual Studio Version 16
VisualStudioVersion = 16.0.31205.134
MinimumVisualStudioVersion = 10.0.40219.1
Project("{9A19103F-16F7-4668-BE54-9A1E7A4F7556}") = "ETL", "ETL\ETL.csproj", "{BF5195DE-99F5-4698-A51E-A28CE79F99BD}"
EndProject
Project("{9A19103F-16F7-4668-BE54-9A1E7A4F7556}") = "WebService", "WebService\WebService.csproj", "{F0C1865E-EB55-45DE-86E4-5E5F51C39F69}"
EndProject
Project("{9A19103F-16F7-4668-BE54-9A1E7A4F7556}") = "ETLTests", "ETLTests\ETLTests.csproj", "{E2889F41-A1B3-4499-8C11-92E4BE1ED2C0}"
EndProject
Project("{FAE04EC0-301F-11D3-BF4B-00C04F79EFBC}") = "AcceptanceTests", "AcceptanceTests\AcceptanceTests.csproj", "{804765C8-8822-4143-A9E9-8A79D185B551}"
Project("{9A19103F-16F7-4668-BE54-9A1E7A4F7556}") = "TimberyardTests", "Timberyard-UnitTests\TimberyardTests.csproj", "{6510C889-1326-498C-B4B2-A416CF4027A5}"
EndProject
Global
	GlobalSection(SolutionConfigurationPlatforms) = preSolution
		Debug|Any CPU = Debug|Any CPU
		Release|Any CPU = Release|Any CPU
	EndGlobalSection
	GlobalSection(ProjectConfigurationPlatforms) = postSolution
		{BF5195DE-99F5-4698-A51E-A28CE79F99BD}.Debug|Any CPU.ActiveCfg = Debug|Any CPU
		{BF5195DE-99F5-4698-A51E-A28CE79F99BD}.Debug|Any CPU.Build.0 = Debug|Any CPU
		{BF5195DE-99F5-4698-A51E-A28CE79F99BD}.Release|Any CPU.ActiveCfg = Release|Any CPU
		{BF5195DE-99F5-4698-A51E-A28CE79F99BD}.Release|Any CPU.Build.0 = Release|Any CPU
		{F0C1865E-EB55-45DE-86E4-5E5F51C39F69}.Debug|Any CPU.ActiveCfg = Debug|Any CPU
		{F0C1865E-EB55-45DE-86E4-5E5F51C39F69}.Debug|Any CPU.Build.0 = Debug|Any CPU
		{F0C1865E-EB55-45DE-86E4-5E5F51C39F69}.Release|Any CPU.ActiveCfg = Release|Any CPU
		{F0C1865E-EB55-45DE-86E4-5E5F51C39F69}.Release|Any CPU.Build.0 = Release|Any CPU
		{E2889F41-A1B3-4499-8C11-92E4BE1ED2C0}.Debug|Any CPU.ActiveCfg = Debug|Any CPU
		{E2889F41-A1B3-4499-8C11-92E4BE1ED2C0}.Debug|Any CPU.Build.0 = Debug|Any CPU
		{E2889F41-A1B3-4499-8C11-92E4BE1ED2C0}.Release|Any CPU.ActiveCfg = Release|Any CPU
		{E2889F41-A1B3-4499-8C11-92E4BE1ED2C0}.Release|Any CPU.Build.0 = Release|Any CPU
		{804765C8-8822-4143-A9E9-8A79D185B551}.Debug|Any CPU.ActiveCfg = Debug|Any CPU
		{804765C8-8822-4143-A9E9-8A79D185B551}.Debug|Any CPU.Build.0 = Debug|Any CPU
		{804765C8-8822-4143-A9E9-8A79D185B551}.Release|Any CPU.ActiveCfg = Release|Any CPU
		{804765C8-8822-4143-A9E9-8A79D185B551}.Release|Any CPU.Build.0 = Release|Any CPU
		{6510C889-1326-498C-B4B2-A416CF4027A5}.Debug|Any CPU.ActiveCfg = Debug|Any CPU
		{6510C889-1326-498C-B4B2-A416CF4027A5}.Debug|Any CPU.Build.0 = Debug|Any CPU
		{6510C889-1326-498C-B4B2-A416CF4027A5}.Release|Any CPU.ActiveCfg = Release|Any CPU
		{6510C889-1326-498C-B4B2-A416CF4027A5}.Release|Any CPU.Build.0 = Release|Any CPU
	EndGlobalSection
	GlobalSection(SolutionProperties) = preSolution
		HideSolutionNode = FALSE
	EndGlobalSection
	GlobalSection(ExtensibilityGlobals) = postSolution
		SolutionGuid = {D827AE16-FBDE-4D2D-801D-3A274FA75710}
	EndGlobalSection
EndGlobal
